
Microsoft Visual Studio Solution File, Format Version 12.00
# Visual Studio 2013
VisualStudioVersion = 12.0.40629.0
MinimumVisualStudioVersion = 10.0.40219.1
Project("{FAE04EC0-301F-11D3-BF4B-00C04F79EFBC}") = "SqlReportFileAction", "SqlReportFileAction\SqlReportFileAction.csproj", "{213C9D97-6FC7-476B-AD14-C5BD65F183DC}"
EndProject
Project("{FAE04EC0-301F-11D3-BF4B-00C04F79EFBC}") = "WishBatchSettingShipFee", "WishBatchSettingShipFee\WishBatchSettingShipFee.csproj", "{4E79EC0A-F55C-4965-AB51-8459D19A016D}"
EndProject
Global
	GlobalSection(SolutionConfigurationPlatforms) = preSolution
		Debug|Any CPU = Debug|Any CPU
		Release|Any CPU = Release|Any CPU
	EndGlobalSection
	GlobalSection(ProjectConfigurationPlatforms) = postSolution
		{213C9D97-6FC7-476B-AD14-C5BD65F183DC}.Debug|Any CPU.ActiveCfg = Debug|Any CPU
		{213C9D97-6FC7-476B-AD14-C5BD65F183DC}.Debug|Any CPU.Build.0 = Debug|Any CPU
		{213C9D97-6FC7-476B-AD14-C5BD65F183DC}.Release|Any CPU.ActiveCfg = Release|Any CPU
		{213C9D97-6FC7-476B-AD14-C5BD65F183DC}.Release|Any CPU.Build.0 = Release|Any CPU
		{4E79EC0A-F55C-4965-AB51-8459D19A016D}.Debug|Any CPU.ActiveCfg = Debug|Any CPU
		{4E79EC0A-F55C-4965-AB51-8459D19A016D}.Debug|Any CPU.Build.0 = Debug|Any CPU
		{4E79EC0A-F55C-4965-AB51-8459D19A016D}.Release|Any CPU.ActiveCfg = Release|Any CPU
		{4E79EC0A-F55C-4965-AB51-8459D19A016D}.Release|Any CPU.Build.0 = Release|Any CPU
	EndGlobalSection
	GlobalSection(SolutionProperties) = preSolution
		HideSolutionNode = FALSE
	EndGlobalSection
EndGlobal
